<?xml version="1.0" encoding="UTF-8" standalone="yes" ?>
<CodeBlocks_project_file>
	<FileVersion major="1" minor="6" />
	<Project>
		<Option title="tpi-sistema-gestion" />
		<Option pch_mode="2" />
		<Option compiler="gcc" />
		<Option virtualFolders="modulos/persona/;modulos/persona/alumno/;modulos/persona/docente/;modulos/;utils/;modulos/aula/;modulos/carrera/;modulos/inscripciones/;modulos/beca/;modulos/cuota/;modulos/materia/" />
		<Build>
			<Target title="Debug">
				<Option output="bin/Debug/tpi-sistema-gestion" prefix_auto="1" extension_auto="1" />
				<Option object_output="obj/Debug/" />
				<Option type="1" />
				<Option compiler="gcc" />
				<Compiler>
					<Add option="-g" />
				</Compiler>
			</Target>
			<Target title="Release">
				<Option output="bin/Release/tpi-sistema-gestion" prefix_auto="1" extension_auto="1" />
				<Option object_output="obj/Release/" />
				<Option type="1" />
				<Option compiler="gcc" />
				<Compiler>
					<Add option="-O2" />
				</Compiler>
				<Linker>
					<Add option="-s" />
				</Linker>
			</Target>
		</Build>
		<Compiler>
			<Add option="-Wall" />
			<Add option="-fexceptions" />
		</Compiler>
		<Unit filename="Inscripciones.cpp">
			<Option virtualFolder="modulos/inscripciones/" />
		</Unit>
		<Unit filename="alumno.cpp">
			<Option virtualFolder="modulos/persona/alumno/" />
		</Unit>
		<Unit filename="alumno.h">
			<Option virtualFolder="modulos/persona/alumno/" />
		</Unit>
		<Unit filename="alumnoArchivo.cpp">
			<Option virtualFolder="modulos/persona/alumno/" />
		</Unit>
		<Unit filename="alumnoArchivo.h">
			<Option virtualFolder="modulos/persona/alumno/" />
		</Unit>
		<Unit filename="alumnoManager.cpp">
			<Option virtualFolder="modulos/persona/alumno/" />
		</Unit>
		<Unit filename="alumnoManager.h">
			<Option virtualFolder="modulos/persona/alumno/" />
		</Unit>
		<Unit filename="alumnoMenu.cpp">
			<Option virtualFolder="modulos/persona/alumno/" />
		</Unit>
		<Unit filename="alumnoMenu.h">
			<Option virtualFolder="modulos/persona/alumno/" />
		</Unit>
		<Unit filename="app.cpp" />
		<Unit filename="app.h" />
		<Unit filename="aula.cpp">
			<Option virtualFolder="modulos/aula/" />
		</Unit>
		<Unit filename="aula.h">
			<Option virtualFolder="modulos/aula/" />
		</Unit>
		<Unit filename="aulaArchivo.cpp">
			<Option virtualFolder="modulos/aula/" />
		</Unit>
		<Unit filename="aulaArchivo.h">
			<Option virtualFolder="modulos/aula/" />
		</Unit>
		<Unit filename="aulaManager.cpp">
			<Option virtualFolder="modulos/aula/" />
		</Unit>
		<Unit filename="aulaManager.h">
			<Option virtualFolder="modulos/aula/" />
		</Unit>
		<Unit filename="aulaMenu.cpp">
			<Option virtualFolder="modulos/aula/" />
		</Unit>
		<Unit filename="aulaMenu.h">
			<Option virtualFolder="modulos/aula/" />
		</Unit>
		<Unit filename="beca.cpp">
			<Option virtualFolder="modulos/beca/" />
		</Unit>
		<Unit filename="beca.h">
			<Option virtualFolder="modulos/beca/" />
		</Unit>
		<Unit filename="becaArchivo.cpp">
			<Option virtualFolder="modulos/beca/" />
		</Unit>
		<Unit filename="becaArchivo.h">
			<Option virtualFolder="modulos/beca/" />
		</Unit>
		<Unit filename="becaManager.cpp">
			<Option virtualFolder="modulos/beca/" />
		</Unit>
		<Unit filename="becaManager.h">
			<Option virtualFolder="modulos/beca/" />
		</Unit>
		<Unit filename="becaMenu.cpp">
			<Option virtualFolder="modulos/beca/" />
		</Unit>
		<Unit filename="becaMenu.h">
			<Option virtualFolder="modulos/beca/" />
		</Unit>
		<Unit filename="carrera.cpp">
			<Option virtualFolder="modulos/carrera/" />
		</Unit>
		<Unit filename="carrera.h">
			<Option virtualFolder="modulos/carrera/" />
		</Unit>
		<Unit filename="carreraArchivo.cpp">
			<Option virtualFolder="modulos/carrera/" />
		</Unit>
		<Unit filename="carreraArchivo.h">
			<Option virtualFolder="modulos/carrera/" />
		</Unit>
		<Unit filename="carreraManager.cpp">
			<Option virtualFolder="modulos/carrera/" />
		</Unit>
		<Unit filename="carreraManager.h">
			<Option virtualFolder="modulos/carrera/" />
		</Unit>
		<Unit filename="carreraMenu.cpp">
			<Option virtualFolder="modulos/carrera/" />
		</Unit>
		<Unit filename="carreraMenu.h">
			<Option virtualFolder="modulos/carrera/" />
		</Unit>
		<Unit filename="cuota.cpp">
			<Option virtualFolder="modulos/cuota/" />
		</Unit>
		<Unit filename="cuota.h">
			<Option virtualFolder="modulos/cuota/" />
		</Unit>
		<Unit filename="cuotaArchivo.cpp">
			<Option virtualFolder="modulos/cuota/" />
		</Unit>
		<Unit filename="cuotaArchivo.h">
			<Option virtualFolder="modulos/cuota/" />
		</Unit>
		<Unit filename="cuotaManager.cpp">
			<Option virtualFolder="modulos/cuota/" />
		</Unit>
		<Unit filename="cuotaManager.h">
			<Option virtualFolder="modulos/cuota/" />
		</Unit>
		<Unit filename="cuotaMenu.cpp">
			<Option virtualFolder="modulos/cuota/" />
		</Unit>
		<Unit filename="cuotaMenu.h">
			<Option virtualFolder="modulos/cuota/" />
		</Unit>
		<Unit filename="docente.cpp">
			<Option virtualFolder="modulos/persona/docente/" />
		</Unit>
		<Unit filename="docente.h">
			<Option virtualFolder="modulos/persona/docente/" />
		</Unit>
		<Unit filename="docenteArchivo.cpp">
			<Option virtualFolder="modulos/persona/docente/" />
		</Unit>
		<Unit filename="docenteArchivo.h">
			<Option virtualFolder="modulos/persona/docente/" />
		</Unit>
		<Unit filename="docenteManager.cpp">
			<Option virtualFolder="modulos/persona/docente/" />
		</Unit>
		<Unit filename="docenteManager.h">
			<Option virtualFolder="modulos/persona/docente/" />
		</Unit>
		<Unit filename="docenteMenu.cpp">
			<Option virtualFolder="modulos/persona/docente/" />
		</Unit>
		<Unit filename="docenteMenu.h">
			<Option virtualFolder="modulos/persona/docente/" />
		</Unit>
		<Unit filename="fecha.cpp">
			<Option virtualFolder="utils/" />
		</Unit>
		<Unit filename="fecha.h">
			<Option virtualFolder="utils/" />
		</Unit>
		<Unit filename="inscripciones.h">
			<Option virtualFolder="modulos/inscripciones/" />
		</Unit>
		<Unit filename="inscripcionesArchivo.cpp">
			<Option virtualFolder="modulos/inscripciones/" />
		</Unit>
		<Unit filename="inscripcionesArchivo.h">
			<Option virtualFolder="modulos/inscripciones/" />
		</Unit>
		<Unit filename="inscripcionesManager.cpp">
			<Option virtualFolder="modulos/inscripciones/" />
		</Unit>
		<Unit filename="inscripcionesManager.h">
			<Option virtualFolder="modulos/inscripciones/" />
		</Unit>
		<Unit filename="inscripcionesMenu.cpp">
			<Option virtualFolder="modulos/inscripciones/" />
		</Unit>
		<Unit filename="inscripcionesMenu.h">
			<Option virtualFolder="modulos/inscripciones/" />
		</Unit>
		<Unit filename="main.cpp" />
		<Unit filename="materia.cpp">
			<Option virtualFolder="modulos/materia/" />
		</Unit>
		<Unit filename="materia.h">
			<Option virtualFolder="modulos/materia/" />
		</Unit>
		<Unit filename="materiaArchivo.cpp">
			<Option virtualFolder="modulos/materia/" />
		</Unit>
		<Unit filename="materiaArchivo.h">
			<Option virtualFolder="modulos/materia/" />
		</Unit>
		<Unit filename="materiaManager.cpp">
			<Option virtualFolder="modulos/materia/" />
		</Unit>
		<Unit filename="materiaManager.h">
			<Option virtualFolder="modulos/materia/" />
		</Unit>
		<Unit filename="materiaMenu.cpp">
			<Option virtualFolder="modulos/materia/" />
		</Unit>
		<Unit filename="materiaMenu.h">
			<Option virtualFolder="modulos/materia/" />
		</Unit>
		<Unit filename="menu.cpp" />
		<Unit filename="menu.h" />
		<Unit filename="persona.cpp">
			<Option virtualFolder="modulos/persona/" />
		</Unit>
		<Unit filename="persona.h">
			<Option virtualFolder="modulos/persona/" />
		</Unit>
		<Extensions>
			<lib_finder disable_auto="1" />
		</Extensions>
	</Project>
</CodeBlocks_project_file>
