<?xml version="1.0" encoding="UTF-8" standalone="yes" ?>
<CodeBlocks_project_file>
	<FileVersion major="1" minor="6" />
	<Project>
		<Option title="tpi-sistema-gestion" />
		<Option pch_mode="2" />
		<Option compiler="gcc" />
		<Option virtualFolders="modulos/persona/;modulos/persona/alumno/;modulos/persona/docente/;modulos/;utils/;modulos/aula/" />
		<Build>
			<Target title="Debug">
				<Option output="bin/Debug/tpi-sistema-gestion" prefix_auto="1" extension_auto="1" />
				<Option object_output="obj/Debug/" />
				<Option type="1" />
				<Option compiler="gcc" />
				<Compiler>
					<Add option="-g" />
				</Compiler>
			</Target>
			<Target title="Release">
				<Option output="bin/Release/tpi-sistema-gestion" prefix_auto="1" extension_auto="1" />
				<Option object_output="obj/Release/" />
				<Option type="1" />
				<Option compiler="gcc" />
				<Compiler>
					<Add option="-O2" />
				</Compiler>
				<Linker>
					<Add option="-s" />
				</Linker>
			</Target>
		</Build>
		<Compiler>
			<Add option="-Wall" />
			<Add option="-fexceptions" />
		</Compiler>
		<Unit filename="alumno.cpp">
			<Option virtualFolder="modulos/persona/alumno/" />
		</Unit>
		<Unit filename="alumno.h">
			<Option virtualFolder="modulos/persona/alumno/" />
		</Unit>
		<Unit filename="app.cpp" />
		<Unit filename="app.h" />
		<Unit filename="archivoAlumno.cpp">
			<Option virtualFolder="modulos/persona/alumno/" />
		</Unit>
		<Unit filename="archivoAlumno.h">
			<Option virtualFolder="modulos/persona/alumno/" />
		</Unit>
		<Unit filename="archivoDocente.cpp">
			<Option virtualFolder="modulos/persona/docente/" />
		</Unit>
		<Unit filename="archivoDocente.h">
			<Option virtualFolder="modulos/persona/docente/" />
		</Unit>
		<Unit filename="aula.cpp">
			<Option virtualFolder="modulos/aula/" />
		</Unit>
		<Unit filename="aula.h">
			<Option virtualFolder="modulos/aula/" />
		</Unit>
		<Unit filename="docente.cpp">
			<Option virtualFolder="modulos/persona/docente/" />
		</Unit>
		<Unit filename="docente.h">
			<Option virtualFolder="modulos/persona/docente/" />
		</Unit>
		<Unit filename="fecha.cpp">
			<Option virtualFolder="utils/" />
		</Unit>
		<Unit filename="fecha.h">
			<Option virtualFolder="utils/" />
		</Unit>
		<Unit filename="main.cpp" />
		<Unit filename="managerAlumno.cpp">
			<Option virtualFolder="modulos/persona/alumno/" />
		</Unit>
		<Unit filename="managerAlumno.h">
			<Option virtualFolder="modulos/persona/alumno/" />
		</Unit>
		<Unit filename="managerDocente.cpp">
			<Option virtualFolder="modulos/persona/docente/" />
		</Unit>
		<Unit filename="managerDocente.h">
			<Option virtualFolder="modulos/persona/docente/" />
		</Unit>
		<Unit filename="menu.cpp" />
		<Unit filename="menu.h" />
		<Unit filename="menuAlumno.cpp">
			<Option virtualFolder="modulos/persona/alumno/" />
		</Unit>
		<Unit filename="menuAlumno.h">
			<Option virtualFolder="modulos/persona/alumno/" />
		</Unit>
		<Unit filename="menuDocente.cpp">
			<Option virtualFolder="modulos/persona/docente/" />
		</Unit>
		<Unit filename="menuDocente.h">
			<Option virtualFolder="modulos/persona/docente/" />
		</Unit>
		<Unit filename="persona.cpp">
			<Option virtualFolder="modulos/persona/" />
		</Unit>
		<Unit filename="persona.h">
			<Option virtualFolder="modulos/persona/" />
		</Unit>
		<Extensions>
			<lib_finder disable_auto="1" />
		</Extensions>
	</Project>
</CodeBlocks_project_file>
